// !$*UTF8*$!
{
	archiveVersion = 1;
	classes = {
	};
	objectVersion = 48;
	objects = {

/* Begin PBXBuildFile section */
		CF228098208B560400308DB6 /* AppDelegate.swift in Sources */ = {isa = PBXBuildFile; fileRef = CF228097208B560400308DB6 /* AppDelegate.swift */; };
		CF22809A208B560400308DB6 /* ViewController.swift in Sources */ = {isa = PBXBuildFile; fileRef = CF228099208B560400308DB6 /* ViewController.swift */; };
		CF22809D208B560400308DB6 /* Main.storyboard in Resources */ = {isa = PBXBuildFile; fileRef = CF22809B208B560400308DB6 /* Main.storyboard */; };
		CF2280A0208B560400308DB6 /* CollectioView.xcdatamodeld in Sources */ = {isa = PBXBuildFile; fileRef = CF22809E208B560400308DB6 /* CollectioView.xcdatamodeld */; };
		CF2280A2208B560400308DB6 /* Assets.xcassets in Resources */ = {isa = PBXBuildFile; fileRef = CF2280A1208B560400308DB6 /* Assets.xcassets */; };
		CF2280A5208B560400308DB6 /* LaunchScreen.storyboard in Resources */ = {isa = PBXBuildFile; fileRef = CF2280A3208B560400308DB6 /* LaunchScreen.storyboard */; };
		CF2280AD208B5BA000308DB6 /* CollectionViewCell.swift in Sources */ = {isa = PBXBuildFile; fileRef = CF2280AC208B5BA000308DB6 /* CollectionViewCell.swift */; };
		CFF30F57208F005200486D96 /* MyCollectionViewCell.swift in Sources */ = {isa = PBXBuildFile; fileRef = CFF30F56208F005200486D96 /* MyCollectionViewCell.swift */; };
/* End PBXBuildFile section */

/* Begin PBXFileReference section */
		CF228094208B560400308DB6 /* CollectioView.app */ = {isa = PBXFileReference; explicitFileType = wrapper.application; includeInIndex = 0; path = CollectioView.app; sourceTree = BUILT_PRODUCTS_DIR; };
		CF228097208B560400308DB6 /* AppDelegate.swift */ = {isa = PBXFileReference; lastKnownFileType = sourcecode.swift; path = AppDelegate.swift; sourceTree = "<group>"; };
		CF228099208B560400308DB6 /* ViewController.swift */ = {isa = PBXFileReference; lastKnownFileType = sourcecode.swift; path = ViewController.swift; sourceTree = "<group>"; };
		CF22809C208B560400308DB6 /* Base */ = {isa = PBXFileReference; lastKnownFileType = file.storyboard; name = Base; path = Base.lproj/Main.storyboard; sourceTree = "<group>"; };
		CF22809F208B560400308DB6 /* CollectioView.xcdatamodel */ = {isa = PBXFileReference; lastKnownFileType = wrapper.xcdatamodel; path = CollectioView.xcdatamodel; sourceTree = "<group>"; };
		CF2280A1208B560400308DB6 /* Assets.xcassets */ = {isa = PBXFileReference; lastKnownFileType = folder.assetcatalog; path = Assets.xcassets; sourceTree = "<group>"; };
		CF2280A4208B560400308DB6 /* Base */ = {isa = PBXFileReference; lastKnownFileType = file.storyboard; name = Base; path = Base.lproj/LaunchScreen.storyboard; sourceTree = "<group>"; };
		CF2280A6208B560400308DB6 /* Info.plist */ = {isa = PBXFileReference; lastKnownFileType = text.plist.xml; path = Info.plist; sourceTree = "<group>"; };
		CF2280AC208B5BA000308DB6 /* CollectionViewCell.swift */ = {isa = PBXFileReference; lastKnownFileType = sourcecode.swift; path = CollectionViewCell.swift; sourceTree = "<group>"; };
		CFF30F56208F005200486D96 /* MyCollectionViewCell.swift */ = {isa = PBXFileReference; lastKnownFileType = sourcecode.swift; path = MyCollectionViewCell.swift; sourceTree = "<group>"; };
/* End PBXFileReference section */

/* Begin PBXFrameworksBuildPhase section */
		CF228091208B560400308DB6 /* Frameworks */ = {
			isa = PBXFrameworksBuildPhase;
			buildActionMask = 2147483647;
			files = (
			);
			runOnlyForDeploymentPostprocessing = 0;
		};
/* End PBXFrameworksBuildPhase section */

/* Begin PBXGroup section */
		CF22808B208B560300308DB6 = {
			isa = PBXGroup;
			children = (
				CF228096208B560400308DB6 /* CollectioView */,
				CF228095208B560400308DB6 /* Products */,
			);
			sourceTree = "<group>";
		};
		CF228095208B560400308DB6 /* Products */ = {
			isa = PBXGroup;
			children = (
				CF228094208B560400308DB6 /* CollectioView.app */,
			);
			name = Products;
			sourceTree = "<group>";
		};
		CF228096208B560400308DB6 /* CollectioView */ = {
			isa = PBXGroup;
			children = (
				CF228097208B560400308DB6 /* AppDelegate.swift */,
				CF228099208B560400308DB6 /* ViewController.swift */,
				CF2280AC208B5BA000308DB6 /* CollectionViewCell.swift */,
				CFF30F56208F005200486D96 /* MyCollectionViewCell.swift */,
				CF22809B208B560400308DB6 /* Main.storyboard */,
				CF2280A1208B560400308DB6 /* Assets.xcassets */,
				CF2280A3208B560400308DB6 /* LaunchScreen.storyboard */,
				CF2280A6208B560400308DB6 /* Info.plist */,
				CF22809E208B560400308DB6 /* CollectioView.xcdatamodeld */,
			);
			path = CollectioView;
			sourceTree = "<group>";
		};
/* End PBXGroup section */

/* Begin PBXNativeTarget section */
		CF228093208B560400308DB6 /* CollectioView */ = {
			isa = PBXNativeTarget;
			buildConfigurationList = CF2280A9208B560400308DB6 /* Build configuration list for PBXNativeTarget "CollectioView" */;
			buildPhases = (
				CF228090208B560400308DB6 /* Sources */,
				CF228091208B560400308DB6 /* Frameworks */,
				CF228092208B560400308DB6 /* Resources */,
			);
			buildRules = (
			);
			dependencies = (
			);
			name = CollectioView;
			productName = CollectioView;
			productReference = CF228094208B560400308DB6 /* CollectioView.app */;
			productType = "com.apple.product-type.application";
		};
/* End PBXNativeTarget section */

/* Begin PBXProject section */
		CF22808C208B560300308DB6 /* Project object */ = {
			isa = PBXProject;
			attributes = {
				LastSwiftUpdateCheck = 0920;
				LastUpgradeCheck = 0920;
				ORGANIZATIONNAME = vaayooInc;
				TargetAttributes = {
					CF228093208B560400308DB6 = {
						CreatedOnToolsVersion = 9.2;
						ProvisioningStyle = Automatic;
					};
				};
			};
			buildConfigurationList = CF22808F208B560300308DB6 /* Build configuration list for PBXProject "CollectioView" */;
			compatibilityVersion = "Xcode 8.0";
			developmentRegion = en;
			hasScannedForEncodings = 0;
			knownRegions = (
				en,
				Base,
			);
			mainGroup = CF22808B208B560300308DB6;
			productRefGroup = CF228095208B560400308DB6 /* Products */;
			projectDirPath = "";
			projectRoot = "";
			targets = (
				CF228093208B560400308DB6 /* CollectioView */,
			);
		};
/* End PBXProject section */

/* Begin PBXResourcesBuildPhase section */
		CF228092208B560400308DB6 /* Resources */ = {
			isa = PBXResourcesBuildPhase;
			buildActionMask = 2147483647;
			files = (
				CF2280A5208B560400308DB6 /* LaunchScreen.storyboard in Resources */,
				CF2280A2208B560400308DB6 /* Assets.xcassets in Resources */,
				CF22809D208B560400308DB6 /* Main.storyboard in Resources */,
			);
			runOnlyForDeploymentPostprocessing = 0;
		};
/* End PBXResourcesBuildPhase section */

/* Begin PBXSourcesBuildPhase section */
		CF228090208B560400308DB6 /* Sources */ = {
			isa = PBXSourcesBuildPhase;
			buildActionMask = 2147483647;
			files = (
				CF2280A0208B560400308DB6 /* CollectioView.xcdatamodeld in Sources */,
				CFF30F57208F005200486D96 /* MyCollectionViewCell.swift in Sources */,
				CF22809A208B560400308DB6 /* ViewController.swift in Sources */,
				CF2280AD208B5BA000308DB6 /* CollectionViewCell.swift in Sources */,
				CF228098208B560400308DB6 /* AppDelegate.swift in Sources */,
			);
			runOnlyForDeploymentPostprocessing = 0;
		};
/* End PBXSourcesBuildPhase section */

/* Begin PBXVariantGroup section */
		CF22809B208B560400308DB6 /* Main.storyboard */ = {
			isa = PBXVariantGroup;
			children = (
				CF22809C208B560400308DB6 /* Base */,
			);
			name = Main.storyboard;
			sourceTree = "<group>";
		};
		CF2280A3208B560400308DB6 /* LaunchScreen.storyboard */ = {
			isa = PBXVariantGroup;
			children = (
				CF2280A4208B560400308DB6 /* Base */,
			);
			name = LaunchScreen.storyboard;
			sourceTree = "<group>";
		};
/* End PBXVariantGroup section */

/* Begin XCBuildConfiguration section */
		CF2280A7208B560400308DB6 /* Debug */ = {
			isa = XCBuildConfiguration;
			buildSettings = {
				ALWAYS_SEARCH_USER_PATHS = NO;
				CLANG_ANALYZER_NONNULL = YES;
				CLANG_ANALYZER_NUMBER_OBJECT_CONVERSION = YES_AGGRESSIVE;
				CLANG_CXX_LANGUAGE_STANDARD = "gnu++14";
				CLANG_CXX_LIBRARY = "libc++";
				CLANG_ENABLE_MODULES = YES;
				CLANG_ENABLE_OBJC_ARC = YES;
				CLANG_WARN_BLOCK_CAPTURE_AUTORELEASING = YES;
				CLANG_WARN_BOOL_CONVERSION = YES;
				CLANG_WARN_COMMA = YES;
				CLANG_WARN_CONSTANT_CONVERSION = YES;
				CLANG_WARN_DIRECT_OBJC_ISA_USAGE = YES_ERROR;
				CLANG_WARN_DOCUMENTATION_COMMENTS = YES;
				CLANG_WARN_EMPTY_BODY = YES;
				CLANG_WARN_ENUM_CONVERSION = YES;
				CLANG_WARN_INFINITE_RECURSION = YES;
				CLANG_WARN_INT_CONVERSION = YES;
				CLANG_WARN_NON_LITERAL_NULL_CONVERSION = YES;
				CLANG_WARN_OBJC_LITERAL_CONVERSION = YES;
				CLANG_WARN_OBJC_ROOT_CLASS = YES_ERROR;
				CLANG_WARN_RANGE_LOOP_ANALYSIS = YES;
				CLANG_WARN_STRICT_PROTOTYPES = YES;
				CLANG_WARN_SUSPICIOUS_MOVE = YES;
				CLANG_WARN_UNGUARDED_AVAILABILITY = YES_AGGRESSIVE;
				CLANG_WARN_UNREACHABLE_CODE = YES;
				CLANG_WARN__DUPLICATE_METHOD_MATCH = YES;
				CODE_SIGN_IDENTITY = "iPhone Developer";
				COPY_PHASE_STRIP = NO;
				DEBUG_INFORMATION_FORMAT = dwarf;
				ENABLE_STRICT_OBJC_MSGSEND = YES;
				ENABLE_TESTABILITY = YES;
				GCC_C_LANGUAGE_STANDARD = gnu11;
				GCC_DYNAMIC_NO_PIC = NO;
				GCC_NO_COMMON_BLOCKS = YES;
				GCC_OPTIMIZATION_LEVEL = 0;
				GCC_PREPROCESSOR_DEFINITIONS = (
					"DEBUG=1",
					"$(inherited)",
				);
				GCC_WARN_64_TO_32_BIT_CONVERSION = YES;
				GCC_WARN_ABOUT_RETURN_TYPE = YES_ERROR;
				GCC_WARN_UNDECLARED_SELECTOR = YES;
				GCC_WARN_UNINITIALIZED_AUTOS = YES_AGGRESSIVE;
				GCC_WARN_UNUSED_FUNCTION = YES;
				GCC_WARN_UNUSED_VARIABLE = YES;
				IPHONEOS_DEPLOYMENT_TARGET = 11.2;
				MTL_ENABLE_DEBUG_INFO = YES;
				ONLY_ACTIVE_ARCH = YES;
				SDKROOT = iphoneos;
				SWIFT_ACTIVE_COMPILATION_CONDITIONS = DEBUG;
				SWIFT_OPTIMIZATION_LEVEL = "-Onone";
			};
			name = Debug;
		};
		CF2280A8208B560400308DB6 /* Release */ = {
			isa = XCBuildConfiguration;
			buildSettings = {
				ALWAYS_SEARCH_USER_PATHS = NO;
				CLANG_ANALYZER_NONNULL = YES;
				CLANG_ANALYZER_NUMBER_OBJECT_CONVERSION = YES_AGGRESSIVE;
				CLANG_CXX_LANGUAGE_STANDARD = "gnu++14";
				CLANG_CXX_LIBRARY = "libc++";
				CLANG_ENABLE_MODULES = YES;
				CLANG_ENABLE_OBJC_ARC = YES;
				CLANG_WARN_BLOCK_CAPTURE_AUTORELEASING = YES;
				CLANG_WARN_BOOL_CONVERSION = YES;
				CLANG_WARN_COMMA = YES;
				CLANG_WARN_CONSTANT_CONVERSION = YES;
				CLANG_WARN_DIRECT_OBJC_ISA_USAGE = YES_ERROR;
				CLANG_WARN_DOCUMENTATION_COMMENTS = YES;
				CLANG_WARN_EMPTY_BODY = YES;
				CLANG_WARN_ENUM_CONVERSION = YES;
				CLANG_WARN_INFINITE_RECURSION = YES;
				CLANG_WARN_INT_CONVERSION = YES;
				CLANG_WARN_NON_LITERAL_NULL_CONVERSION = YES;
				CLANG_WARN_OBJC_LITERAL_CONVERSION = YES;
				CLANG_WARN_OBJC_ROOT_CLASS = YES_ERROR;
				CLANG_WARN_RANGE_LOOP_ANALYSIS = YES;
				CLANG_WARN_STRICT_PROTOTYPES = YES;
				CLANG_WARN_SUSPICIOUS_MOVE = YES;
				CLANG_WARN_UNGUARDED_AVAILABILITY = YES_AGGRESSIVE;
				CLANG_WARN_UNREACHABLE_CODE = YES;
				CLANG_WARN__DUPLICATE_METHOD_MATCH = YES;
				CODE_SIGN_IDENTITY = "iPhone Developer";
				COPY_PHASE_STRIP = NO;
				DEBUG_INFORMATION_FORMAT = "dwarf-with-dsym";
				ENABLE_NS_ASSERTIONS = NO;
				ENABLE_STRICT_OBJC_MSGSEND = YES;
				GCC_C_LANGUAGE_STANDARD = gnu11;
				GCC_NO_COMMON_BLOCKS = YES;
				GCC_WARN_64_TO_32_BIT_CONVERSION = YES;
				GCC_WARN_ABOUT_RETURN_TYPE = YES_ERROR;
				GCC_WARN_UNDECLARED_SELECTOR = YES;
				GCC_WARN_UNINITIALIZED_AUTOS = YES_AGGRESSIVE;
				GCC_WARN_UNUSED_FUNCTION = YES;
				GCC_WARN_UNUSED_VARIABLE = YES;
				IPHONEOS_DEPLOYMENT_TARGET = 11.2;
				MTL_ENABLE_DEBUG_INFO = NO;
				SDKROOT = iphoneos;
				SWIFT_OPTIMIZATION_LEVEL = "-Owholemodule";
				VALIDATE_PRODUCT = YES;
			};
			name = Release;
		};
		CF2280AA208B560400308DB6 /* Debug */ = {
			isa = XCBuildConfiguration;
			buildSettings = {
				ASSETCATALOG_COMPILER_APPICON_NAME = AppIcon;
				CODE_SIGN_STYLE = Automatic;
				DEVELOPMENT_TEAM = KE2998WD46;
				INFOPLIST_FILE = CollectioView/Info.plist;
				LD_RUNPATH_SEARCH_PATHS = "$(inherited) @executable_path/Frameworks";
				PRODUCT_BUNDLE_IDENTIFIER = com.vaayooInc.CollectioView;
				PRODUCT_NAME = "$(TARGET_NAME)";
				SWIFT_VERSION = 4.0;
				TARGETED_DEVICE_FAMILY = "1,2";
			};
			name = Debug;
		};
		CF2280AB208B560400308DB6 /* Release */ = {
			isa = XCBuildConfiguration;
			buildSettings = {
				ASSETCATALOG_COMPILER_APPICON_NAME = AppIcon;
				CODE_SIGN_STYLE = Automatic;
				DEVELOPMENT_TEAM = KE2998WD46;
				INFOPLIST_FILE = CollectioView/Info.plist;
				LD_RUNPATH_SEARCH_PATHS = "$(inherited) @executable_path/Frameworks";
				PRODUCT_BUNDLE_IDENTIFIER = com.vaayooInc.CollectioView;
				PRODUCT_NAME = "$(TARGET_NAME)";
				SWIFT_VERSION = 4.0;
				TARGETED_DEVICE_FAMILY = "1,2";
			};
			name = Release;
		};
/* End XCBuildConfiguration section */

/* Begin XCConfigurationList section */
		CF22808F208B560300308DB6 /* Build configuration list for PBXProject "CollectioView" */ = {
			isa = XCConfigurationList;
			buildConfigurations = (
				CF2280A7208B560400308DB6 /* Debug */,
				CF2280A8208B560400308DB6 /* Release */,
			);
			defaultConfigurationIsVisible = 0;
			defaultConfigurationName = Release;
		};
		CF2280A9208B560400308DB6 /* Build configuration list for PBXNativeTarget "CollectioView" */ = {
			isa = XCConfigurationList;
			buildConfigurations = (
				CF2280AA208B560400308DB6 /* Debug */,
				CF2280AB208B560400308DB6 /* Release */,
			);
			defaultConfigurationIsVisible = 0;
			defaultConfigurationName = Release;
		};
/* End XCConfigurationList section */

/* Begin XCVersionGroup section */
		CF22809E208B560400308DB6 /* CollectioView.xcdatamodeld */ = {
			isa = XCVersionGroup;
			children = (
				CF22809F208B560400308DB6 /* CollectioView.xcdatamodel */,
			);
			currentVersion = CF22809F208B560400308DB6 /* CollectioView.xcdatamodel */;
			path = CollectioView.xcdatamodeld;
			sourceTree = "<group>";
			versionGroupType = wrapper.xcdatamodel;
		};
/* End XCVersionGroup section */
	};
	rootObject = CF22808C208B560300308DB6 /* Project object */;
}
